
Microsoft Visual Studio Solution File, Format Version 12.00
# Visual Studio Version 17
VisualStudioVersion = 17.0.31903.59
MinimumVisualStudioVersion = 10.0.40219.1
Project("{9A19103F-16F7-4668-BE54-9A1E7A4F7556}") = "WebApi", "WebApi\WebApi.csproj", "{C5E6373E-B3F7-48B5-A6E1-74437DF578FD}"
EndProject
Project("{9A19103F-16F7-4668-BE54-9A1E7A4F7556}") = "Entities", "Entities\Entities.csproj", "{6EF2E8C7-3F15-49D2-89EA-3A34074A1821}"
EndProject
Project("{9A19103F-16F7-4668-BE54-9A1E7A4F7556}") = "Repositories", "Repositories\Repositories.csproj", "{618F14E9-DE3C-4AC5-B193-348AA066D3E2}"
EndProject
Project("{FAE04EC0-301F-11D3-BF4B-00C04F79EFBC}") = "Services", "Services\Services.csproj", "{103F49F9-42E9-40B8-9854-B0A6DAF04EC9}"
EndProject
Project("{FAE04EC0-301F-11D3-BF4B-00C04F79EFBC}") = "Presentation", "Presentation\Presentation.csproj", "{38DB45F0-5C10-49ED-9383-3A8E1813CFA2}"
EndProject
Global
	GlobalSection(SolutionConfigurationPlatforms) = preSolution
		Debug|Any CPU = Debug|Any CPU
		Release|Any CPU = Release|Any CPU
	EndGlobalSection
	GlobalSection(ProjectConfigurationPlatforms) = postSolution
		{C5E6373E-B3F7-48B5-A6E1-74437DF578FD}.Debug|Any CPU.ActiveCfg = Debug|Any CPU
		{C5E6373E-B3F7-48B5-A6E1-74437DF578FD}.Debug|Any CPU.Build.0 = Debug|Any CPU
		{C5E6373E-B3F7-48B5-A6E1-74437DF578FD}.Release|Any CPU.ActiveCfg = Release|Any CPU
		{C5E6373E-B3F7-48B5-A6E1-74437DF578FD}.Release|Any CPU.Build.0 = Release|Any CPU
		{6EF2E8C7-3F15-49D2-89EA-3A34074A1821}.Debug|Any CPU.ActiveCfg = Debug|Any CPU
		{6EF2E8C7-3F15-49D2-89EA-3A34074A1821}.Debug|Any CPU.Build.0 = Debug|Any CPU
		{6EF2E8C7-3F15-49D2-89EA-3A34074A1821}.Release|Any CPU.ActiveCfg = Release|Any CPU
		{6EF2E8C7-3F15-49D2-89EA-3A34074A1821}.Release|Any CPU.Build.0 = Release|Any CPU
		{618F14E9-DE3C-4AC5-B193-348AA066D3E2}.Debug|Any CPU.ActiveCfg = Debug|Any CPU
		{618F14E9-DE3C-4AC5-B193-348AA066D3E2}.Debug|Any CPU.Build.0 = Debug|Any CPU
		{618F14E9-DE3C-4AC5-B193-348AA066D3E2}.Release|Any CPU.ActiveCfg = Release|Any CPU
		{618F14E9-DE3C-4AC5-B193-348AA066D3E2}.Release|Any CPU.Build.0 = Release|Any CPU
		{103F49F9-42E9-40B8-9854-B0A6DAF04EC9}.Debug|Any CPU.ActiveCfg = Debug|Any CPU
		{103F49F9-42E9-40B8-9854-B0A6DAF04EC9}.Debug|Any CPU.Build.0 = Debug|Any CPU
		{103F49F9-42E9-40B8-9854-B0A6DAF04EC9}.Release|Any CPU.ActiveCfg = Release|Any CPU
		{103F49F9-42E9-40B8-9854-B0A6DAF04EC9}.Release|Any CPU.Build.0 = Release|Any CPU
		{38DB45F0-5C10-49ED-9383-3A8E1813CFA2}.Debug|Any CPU.ActiveCfg = Debug|Any CPU
		{38DB45F0-5C10-49ED-9383-3A8E1813CFA2}.Debug|Any CPU.Build.0 = Debug|Any CPU
		{38DB45F0-5C10-49ED-9383-3A8E1813CFA2}.Release|Any CPU.ActiveCfg = Release|Any CPU
		{38DB45F0-5C10-49ED-9383-3A8E1813CFA2}.Release|Any CPU.Build.0 = Release|Any CPU
	EndGlobalSection
	GlobalSection(SolutionProperties) = preSolution
		HideSolutionNode = FALSE
	EndGlobalSection
	GlobalSection(ExtensibilityGlobals) = postSolution
		SolutionGuid = {BD124A2B-184A-4190-8444-0E59E346EAE9}
	EndGlobalSection
EndGlobal
